{
  "nodes": {
    "devenv": {
      "locked": {
        "dir": "src/modules",
        "lastModified": 1786358125,
        "narHash": "sha256-rbuRaHNIvv4J59JEualb8xrqFhPBze3QflesC96kY9k=",
        "owner": "cachix",
        "repo": "devenv",
        "rev": "49386681992dd2d8cf41a226b5bd0c558984f7a1",
        "type": "github"
      },
      "original": {
        "dir": "src/modules",
        "owner": "cachix",
        "repo": "devenv",
        "type": "github"
      }
    },
    "flake-compat": {
      "flake": false,
      "locked": {
        "lastModified": 1767039857,
        "narHash": "sha256-vNpUSpF5Nuw8xvDLj2KCwwksIbjua2LZCqhV1LNRDns=",
        "owner": "NixOS",
        "repo": "flake-compat",
        "rev": "5edf11c44bc78a0d334f6334cdaf7d60d732daab",
        "type": "github"
      },
      "original": {
        "owner": "NixOS",
        "repo": "flake-compat",
        "type": "github"
      }
    },
    "git-hooks": {
      "inputs": {
        "flake-compat": "flake-compat",
        "nixpkgs": [
          "nixpkgs"
        ]
      },
      "locked": {
        "lastModified": 1784288435,
        "narHash": "sha256-ReRHaLgr/uVqdD8afFSn+myXIfpHeOhP0yYe0TJqAA8=",
        "owner": "cachix",
        "repo": "git-hooks.nix",
        "rev": "43b3c1ab9d40fb1dbb008f451988a91e375825e9",
        "type": "github"
      },
      "original": {
        "owner": "cachix",
        "repo": "git-hooks.nix",
        "type": "github"
      }
    },
    "nixpkgs": {
      "locked": {
        "lastModified": 1786106723,
        "narHash": "sha256-zDSUbpoeo/9ZmD2+wXnzxoo1+uhL8vxc0b8yuYMKYq0=",
        "owner": "nixos",
        "repo": "nixpkgs",
        "rev": "f13ff45afd1bb73e640eaa08a7066dbed07e3238",
        "type": "github"
      },
      "original": {
        "owner": "nixos",
        "ref": "nixos-unstable",
        "repo": "nixpkgs",
        "type": "github"
      }
    },
    "root": {
      "inputs": {
        "devenv": "devenv",
        "git-hooks": "git-hooks",
        "nixpkgs": "nixpkgs",
        "shared": "shared"
      }
    },
    "shared": {
      "flake": false,
      "locked": {
        "lastModified": 1786019764,
        "narHash": "sha256-2eIQ2Wu5VsdhlZ66QpoG6/QSDfNEf3BGCUn1vpySHzo=",
        "owner": "pbek",
        "repo": "nix-shared",
        "rev": "321f97848ed05b47e51e516e7a54fa67e43db4d4",
        "type": "github"
      },
      "original": {
        "owner": "pbek",
        "repo": "nix-shared",
        "type": "github"
      }
    }
  },
  "root": "root",
  "version": 7
}